{
  "name": "@tianniansz/feishu-codex-bridge",
  "version": "0.2.2",
  "lockfileVersion": 3,
  "requires": true,
  "packages": {
    "": {
      "name": "@tianniansz/feishu-codex-bridge",
      "version": "0.2.2",
      "license": "MIT",
      "bin": {
        "feishu-codex-bridge": "bin/cli.js"
      },
      "engines": {
        "node": ">=20"
      }
    }
  }
}
